Microsoft Visual Studio Solution File, Format Version 12.00
# Visual Studio 15
VisualStudioVersion = 15.0.28010.0
MinimumVisualStudioVersion = 10.0.40219.1
Project("{FAE04EC0-301F-11D3-BF4B-00C04F79EFBC}") = "xamCognitive.Android", "xamCognitive.Android\xamCognitive.Android.csproj", "{A165DF07-B870-4DC3-BF01-B078E8A5012B}"
EndProject
Project("{FAE04EC0-301F-11D3-BF4B-00C04F79EFBC}") = "xamCognitive.iOS", "xamCognitive.iOS\xamCognitive.iOS.csproj", "{57982C72-2171-4B21-B6A1-AA60DAB71BB5}"
EndProject
Project("{9A19103F-16F7-4668-BE54-9A1E7A4F7556}") = "xamCognitive", "xamCognitive\xamCognitive.csproj", "{BA62D118-03BB-473F-AFEE-4D9F27BD5F2A}"
EndProject
Global
	GlobalSection(SolutionConfigurationPlatforms) = preSolution
		Ad-Hoc|Any CPU = Ad-Hoc|Any CPU
		Ad-Hoc|iPhone = Ad-Hoc|iPhone
		Ad-Hoc|iPhoneSimulator = Ad-Hoc|iPhoneSimulator
		AppStore|Any CPU = AppStore|Any CPU
		AppStore|iPhone = AppStore|iPhone
		AppStore|iPhoneSimulator = AppStore|iPhoneSimulator
		Debug|Any CPU = Debug|Any CPU
		Debug|iPhone = Debug|iPhone
		Debug|iPhoneSimulator = Debug|iPhoneSimulator
		Release|Any CPU = Release|Any CPU
		Release|iPhone = Release|iPhone
		Release|iPhoneSimulator = Release|iPhoneSimulator
	EndGlobalSection
	GlobalSection(ProjectConfigurationPlatforms) = postSolution
		{A165DF07-B870-4DC3-BF01-B078E8A5012B}.Ad-Hoc|Any CPU.ActiveCfg = Release|Any CPU
		{A165DF07-B870-4DC3-BF01-B078E8A5012B}.Ad-Hoc|Any CPU.Build.0 = Release|Any CPU
		{A165DF07-B870-4DC3-BF01-B078E8A5012B}.Ad-Hoc|Any CPU.Deploy.0 = Release|Any CPU
		{A165DF07-B870-4DC3-BF01-B078E8A5012B}.Ad-Hoc|iPhone.ActiveCfg = Debug|Any CPU
		{A165DF07-B870-4DC3-BF01-B078E8A5012B}.Ad-Hoc|iPhone.Build.0 = Debug|Any CPU
		{A165DF07-B870-4DC3-BF01-B078E8A5012B}.Ad-Hoc|iPhoneSimulator.ActiveCfg = Release|Any CPU
		{A165DF07-B870-4DC3-BF01-B078E8A5012B}.Ad-Hoc|iPhoneSimulator.Build.0 = Release|Any CPU
		{A165DF07-B870-4DC3-BF01-B078E8A5012B}.Ad-Hoc|iPhoneSimulator.Deploy.0 = Release|Any CPU
		{A165DF07-B870-4DC3-BF01-B078E8A5012B}.AppStore|Any CPU.ActiveCfg = Release|Any CPU
		{A165DF07-B870-4DC3-BF01-B078E8A5012B}.AppStore|Any CPU.Build.0 = Release|Any CPU
		{A165DF07-B870-4DC3-BF01-B078E8A5012B}.AppStore|Any CPU.Deploy.0 = Release|Any CPU
		{A165DF07-B870-4DC3-BF01-B078E8A5012B}.AppStore|iPhone.ActiveCfg = Debug|Any CPU
		{A165DF07-B870-4DC3-BF01-B078E8A5012B}.AppStore|iPhone.Build.0 = Debug|Any CPU
		{A165DF07-B870-4DC3-BF01-B078E8A5012B}.AppStore|iPhoneSimulator.ActiveCfg = Release|Any CPU
		{A165DF07-B870-4DC3-BF01-B078E8A5012B}.AppStore|iPhoneSimulator.Build.0 = Release|Any CPU
		{A165DF07-B870-4DC3-BF01-B078E8A5012B}.AppStore|iPhoneSimulator.Deploy.0 = Release|Any CPU
		{A165DF07-B870-4DC3-BF01-B078E8A5012B}.Debug|Any CPU.ActiveCfg = Debug|Any CPU
		{A165DF07-B870-4DC3-BF01-B078E8A5012B}.Debug|Any CPU.Build.0 = Debug|Any CPU
		{A165DF07-B870-4DC3-BF01-B078E8A5012B}.Debug|Any CPU.Deploy.0 = Debug|Any CPU
		{A165DF07-B870-4DC3-BF01-B078E8A5012B}.Debug|iPhone.ActiveCfg = Debug|Any CPU
		{A165DF07-B870-4DC3-BF01-B078E8A5012B}.Debug|iPhone.Build.0 = Debug|Any CPU
		{A165DF07-B870-4DC3-BF01-B078E8A5012B}.Debug|iPhoneSimulator.ActiveCfg = Debug|Any CPU
		{A165DF07-B870-4DC3-BF01-B078E8A5012B}.Debug|iPhoneSimulator.Build.0 = Debug|Any CPU
		{A165DF07-B870-4DC3-BF01-B078E8A5012B}.Release|Any CPU.ActiveCfg = Release|Any CPU
		{A165DF07-B870-4DC3-BF01-B078E8A5012B}.Release|Any CPU.Build.0 = Release|Any CPU
		{A165DF07-B870-4DC3-BF01-B078E8A5012B}.Release|Any CPU.Deploy.0 = Release|Any CPU
		{A165DF07-B870-4DC3-BF01-B078E8A5012B}.Release|iPhone.ActiveCfg = Release|Any CPU
		{A165DF07-B870-4DC3-BF01-B078E8A5012B}.Release|iPhone.Build.0 = Release|Any CPU
		{A165DF07-B870-4DC3-BF01-B078E8A5012B}.Release|iPhoneSimulator.ActiveCfg = Release|Any CPU
		{A165DF07-B870-4DC3-BF01-B078E8A5012B}.Release|iPhoneSimulator.Build.0 = Release|Any CPU
		{57982C72-2171-4B21-B6A1-AA60DAB71BB5}.Ad-Hoc|Any CPU.ActiveCfg = Ad-Hoc|iPhoneSimulator
		{57982C72-2171-4B21-B6A1-AA60DAB71BB5}.Ad-Hoc|iPhone.ActiveCfg = Ad-Hoc|iPhone
		{57982C72-2171-4B21-B6A1-AA60DAB71BB5}.Ad-Hoc|iPhone.Build.0 = Ad-Hoc|iPhone
		{57982C72-2171-4B21-B6A1-AA60DAB71BB5}.Ad-Hoc|iPhoneSimulator.ActiveCfg = Ad-Hoc|iPhoneSimulator
		{57982C72-2171-4B21-B6A1-AA60DAB71BB5}.Ad-Hoc|iPhoneSimulator.Build.0 = Ad-Hoc|iPhoneSimulator
		{57982C72-2171-4B21-B6A1-AA60DAB71BB5}.AppStore|Any CPU.ActiveCfg = AppStore|iPhoneSimulator
		{57982C72-2171-4B21-B6A1-AA60DAB71BB5}.AppStore|iPhone.ActiveCfg = AppStore|iPhone
		{57982C72-2171-4B21-B6A1-AA60DAB71BB5}.AppStore|iPhone.Build.0 = AppStore|iPhone
		{57982C72-2171-4B21-B6A1-AA60DAB71BB5}.AppStore|iPhoneSimulator.ActiveCfg = AppStore|iPhoneSimulator
		{57982C72-2171-4B21-B6A1-AA60DAB71BB5}.AppStore|iPhoneSimulator.Build.0 = AppStore|iPhoneSimulator
		{57982C72-2171-4B21-B6A1-AA60DAB71BB5}.Debug|Any CPU.ActiveCfg = Debug|iPhoneSimulator
		{57982C72-2171-4B21-B6A1-AA60DAB71BB5}.Debug|Any CPU.Build.0 = Debug|iPhoneSimulator
		{57982C72-2171-4B21-B6A1-AA60DAB71BB5}.Debug|iPhone.ActiveCfg = Debug|iPhone
		{57982C72-2171-4B21-B6A1-AA60DAB71BB5}.Debug|iPhone.Build.0 = Debug|iPhone
		{57982C72-2171-4B21-B6A1-AA60DAB71BB5}.Debug|iPhoneSimulator.ActiveCfg = Debug|iPhoneSimulator
		{57982C72-2171-4B21-B6A1-AA60DAB71BB5}.Debug|iPhoneSimulator.Build.0 = Debug|iPhoneSimulator
		{57982C72-2171-4B21-B6A1-AA60DAB71BB5}.Release|Any CPU.ActiveCfg = Release|iPhoneSimulator
		{57982C72-2171-4B21-B6A1-AA60DAB71BB5}.Release|Any CPU.Build.0 = Release|iPhoneSimulator
		{57982C72-2171-4B21-B6A1-AA60DAB71BB5}.Release|iPhone.ActiveCfg = Release|iPhone
		{57982C72-2171-4B21-B6A1-AA60DAB71BB5}.Release|iPhone.Build.0 = Release|iPhone
		{57982C72-2171-4B21-B6A1-AA60DAB71BB5}.Release|iPhoneSimulator.ActiveCfg = Release|iPhoneSimulator
		{57982C72-2171-4B21-B6A1-AA60DAB71BB5}.Release|iPhoneSimulator.Build.0 = Release|iPhoneSimulator
		{BA62D118-03BB-473F-AFEE-4D9F27BD5F2A}.Ad-Hoc|Any CPU.ActiveCfg = Release|Any CPU
		{BA62D118-03BB-473F-AFEE-4D9F27BD5F2A}.Ad-Hoc|Any CPU.Build.0 = Release|Any CPU
		{BA62D118-03BB-473F-AFEE-4D9F27BD5F2A}.Ad-Hoc|iPhone.ActiveCfg = Debug|Any CPU
		{BA62D118-03BB-473F-AFEE-4D9F27BD5F2A}.Ad-Hoc|iPhone.Build.0 = Debug|Any CPU
		{BA62D118-03BB-473F-AFEE-4D9F27BD5F2A}.Ad-Hoc|iPhoneSimulator.ActiveCfg = Release|Any CPU
		{BA62D118-03BB-473F-AFEE-4D9F27BD5F2A}.Ad-Hoc|iPhoneSimulator.Build.0 = Release|Any CPU
		{BA62D118-03BB-473F-AFEE-4D9F27BD5F2A}.AppStore|Any CPU.ActiveCfg = Release|Any CPU
		{BA62D118-03BB-473F-AFEE-4D9F27BD5F2A}.AppStore|Any CPU.Build.0 = Release|Any CPU
		{BA62D118-03BB-473F-AFEE-4D9F27BD5F2A}.AppStore|iPhone.ActiveCfg = Debug|Any CPU
		{BA62D118-03BB-473F-AFEE-4D9F27BD5F2A}.AppStore|iPhone.Build.0 = Debug|Any CPU
		{BA62D118-03BB-473F-AFEE-4D9F27BD5F2A}.AppStore|iPhoneSimulator.ActiveCfg = Release|Any CPU
		{BA62D118-03BB-473F-AFEE-4D9F27BD5F2A}.AppStore|iPhoneSimulator.Build.0 = Release|Any CPU
		{BA62D118-03BB-473F-AFEE-4D9F27BD5F2A}.Debug|Any CPU.ActiveCfg = Debug|Any CPU
		{BA62D118-03BB-473F-AFEE-4D9F27BD5F2A}.Debug|Any CPU.Build.0 = Debug|Any CPU
		{BA62D118-03BB-473F-AFEE-4D9F27BD5F2A}.Debug|iPhone.ActiveCfg = Debug|Any CPU
		{BA62D118-03BB-473F-AFEE-4D9F27BD5F2A}.Debug|iPhone.Build.0 = Debug|Any CPU
		{BA62D118-03BB-473F-AFEE-4D9F27BD5F2A}.Debug|iPhoneSimulator.ActiveCfg = Debug|Any CPU
		{BA62D118-03BB-473F-AFEE-4D9F27BD5F2A}.Debug|iPhoneSimulator.Build.0 = Debug|Any CPU
		{BA62D118-03BB-473F-AFEE-4D9F27BD5F2A}.Release|Any CPU.ActiveCfg = Release|Any CPU
		{BA62D118-03BB-473F-AFEE-4D9F27BD5F2A}.Release|Any CPU.Build.0 = Release|Any CPU
		{BA62D118-03BB-473F-AFEE-4D9F27BD5F2A}.Release|iPhone.ActiveCfg = Release|Any CPU
		{BA62D118-03BB-473F-AFEE-4D9F27BD5F2A}.Release|iPhone.Build.0 = Release|Any CPU
		{BA62D118-03BB-473F-AFEE-4D9F27BD5F2A}.Release|iPhoneSimulator.ActiveCfg = Release|Any CPU
		{BA62D118-03BB-473F-AFEE-4D9F27BD5F2A}.Release|iPhoneSimulator.Build.0 = Release|Any CPU
	EndGlobalSection
	GlobalSection(SolutionProperties) = preSolution
		HideSolutionNode = FALSE
	EndGlobalSection
	GlobalSection(ExtensibilityGlobals) = postSolution
		SolutionGuid = {8F08B6D2-7742-4A08-83D1-A6B6C95AF243}
	EndGlobalSection
EndGlobal
